
Microsoft Visual Studio Solution File, Format Version 12.00
# Visual Studio Version 17
VisualStudioVersion = 17.8.34316.72
MinimumVisualStudioVersion = 10.0.40219.1
Project("{9A19103F-16F7-4668-BE54-9A1E7A4F7556}") = "DemoHttp.Models", "DemoHttp.Models\DemoHttp.Models.csproj", "{90986B55-CEC4-47DE-AC53-20DE866C17DC}"
EndProject
Project("{9A19103F-16F7-4668-BE54-9A1E7A4F7556}") = "DemoHttp.Services", "DemoHttp.Services\DemoHttp.Services.csproj", "{F098C0D2-F2F6-4142-8E25-0E477A6EDF46}"
EndProject
Project("{9A19103F-16F7-4668-BE54-9A1E7A4F7556}") = "DemoHttp.Console", "DemoHttp.Console\DemoHttp.Console.csproj", "{DC317B3C-BBDE-4044-89F1-3A22851937FE}"
EndProject
Project("{9A19103F-16F7-4668-BE54-9A1E7A4F7556}") = "DemoHttp.Web", "DemoHttp.Web\DemoHttp.Web.csproj", "{B2D6EEA6-F2EE-4039-BA16-955781E1F7B2}"
EndProject
Project("{FAE04EC0-301F-11D3-BF4B-00C04F79EFBC}") = "DemoMusic.API", "DemoMusic.API\DemoMusic.API.csproj", "{D5B17672-8A56-4131-BD8D-EF97DD9F9C0F}"
EndProject
Project("{FAE04EC0-301F-11D3-BF4B-00C04F79EFBC}") = "DemoMusic.DB", "DemoMusic.DB\DemoMusic.DB.csproj", "{3C532D33-0DD1-415A-A31E-D9A9A1A8308B}"
EndProject
Project("{FAE04EC0-301F-11D3-BF4B-00C04F79EFBC}") = "DemoMovie.Console", "DemoMovie.Console\DemoMovie.Console.csproj", "{6C491795-D0A4-459F-9E16-A8A6D163B490}"
EndProject
Project("{FAE04EC0-301F-11D3-BF4B-00C04F79EFBC}") = "DemoMovie.DB", "DemoMovie.DB\DemoMovie.DB.csproj", "{E4C1281B-5901-4760-B02D-5550124F6FD3}"
EndProject
Project("{FAE04EC0-301F-11D3-BF4B-00C04F79EFBC}") = "DemoMusic.Client", "DemoMusic.Client\DemoMusic.Client.csproj", "{6F5F3286-C9B9-4BAE-AF94-56B40AB7BF0A}"
EndProject
Project("{FAE04EC0-301F-11D3-BF4B-00C04F79EFBC}") = "DemoMusic.Console", "DemoMusic.Console\DemoMusic.Console.csproj", "{55360430-F0DE-4AF3-8328-34AAD45FAF36}"
EndProject
Project("{FAE04EC0-301F-11D3-BF4B-00C04F79EFBC}") = "DemoRepository", "DemoRepository\DemoRepository.csproj", "{E06DE682-92C0-4926-B5F7-E66ED81B8AAC}"
EndProject
Project("{FAE04EC0-301F-11D3-BF4B-00C04F79EFBC}") = "DemoRepository.Core", "DemoRepository.Core\DemoRepository.Core.csproj", "{ECD4B330-49A9-40A7-AFBC-711D4CD0012B}"
EndProject
Project("{FAE04EC0-301F-11D3-BF4B-00C04F79EFBC}") = "DemoRepository.Infrastructure", "DemoRepository.Infrastructure\DemoRepository.Infrastructure.csproj", "{EA0ED2D6-CBD0-4ADA-81EA-994F2F963E64}"
EndProject
Project("{FAE04EC0-301F-11D3-BF4B-00C04F79EFBC}") = "DemoRepository.Data", "DemoRepository.Data\DemoRepository.Data.csproj", "{6800C88F-BF0E-4E24-BB9B-2DF910A7958F}"
EndProject
Global
	GlobalSection(SolutionConfigurationPlatforms) = preSolution
		Debug|Any CPU = Debug|Any CPU
		Release|Any CPU = Release|Any CPU
	EndGlobalSection
	GlobalSection(ProjectConfigurationPlatforms) = postSolution
		{90986B55-CEC4-47DE-AC53-20DE866C17DC}.Debug|Any CPU.ActiveCfg = Debug|Any CPU
		{90986B55-CEC4-47DE-AC53-20DE866C17DC}.Debug|Any CPU.Build.0 = Debug|Any CPU
		{90986B55-CEC4-47DE-AC53-20DE866C17DC}.Release|Any CPU.ActiveCfg = Release|Any CPU
		{90986B55-CEC4-47DE-AC53-20DE866C17DC}.Release|Any CPU.Build.0 = Release|Any CPU
		{F098C0D2-F2F6-4142-8E25-0E477A6EDF46}.Debug|Any CPU.ActiveCfg = Debug|Any CPU
		{F098C0D2-F2F6-4142-8E25-0E477A6EDF46}.Debug|Any CPU.Build.0 = Debug|Any CPU
		{F098C0D2-F2F6-4142-8E25-0E477A6EDF46}.Release|Any CPU.ActiveCfg = Release|Any CPU
		{F098C0D2-F2F6-4142-8E25-0E477A6EDF46}.Release|Any CPU.Build.0 = Release|Any CPU
		{DC317B3C-BBDE-4044-89F1-3A22851937FE}.Debug|Any CPU.ActiveCfg = Debug|Any CPU
		{DC317B3C-BBDE-4044-89F1-3A22851937FE}.Debug|Any CPU.Build.0 = Debug|Any CPU
		{DC317B3C-BBDE-4044-89F1-3A22851937FE}.Release|Any CPU.ActiveCfg = Release|Any CPU
		{DC317B3C-BBDE-4044-89F1-3A22851937FE}.Release|Any CPU.Build.0 = Release|Any CPU
		{B2D6EEA6-F2EE-4039-BA16-955781E1F7B2}.Debug|Any CPU.ActiveCfg = Debug|Any CPU
		{B2D6EEA6-F2EE-4039-BA16-955781E1F7B2}.Debug|Any CPU.Build.0 = Debug|Any CPU
		{B2D6EEA6-F2EE-4039-BA16-955781E1F7B2}.Release|Any CPU.ActiveCfg = Release|Any CPU
		{B2D6EEA6-F2EE-4039-BA16-955781E1F7B2}.Release|Any CPU.Build.0 = Release|Any CPU
		{D5B17672-8A56-4131-BD8D-EF97DD9F9C0F}.Debug|Any CPU.ActiveCfg = Debug|Any CPU
		{D5B17672-8A56-4131-BD8D-EF97DD9F9C0F}.Debug|Any CPU.Build.0 = Debug|Any CPU
		{D5B17672-8A56-4131-BD8D-EF97DD9F9C0F}.Release|Any CPU.ActiveCfg = Release|Any CPU
		{D5B17672-8A56-4131-BD8D-EF97DD9F9C0F}.Release|Any CPU.Build.0 = Release|Any CPU
		{3C532D33-0DD1-415A-A31E-D9A9A1A8308B}.Debug|Any CPU.ActiveCfg = Debug|Any CPU
		{3C532D33-0DD1-415A-A31E-D9A9A1A8308B}.Debug|Any CPU.Build.0 = Debug|Any CPU
		{3C532D33-0DD1-415A-A31E-D9A9A1A8308B}.Release|Any CPU.ActiveCfg = Release|Any CPU
		{3C532D33-0DD1-415A-A31E-D9A9A1A8308B}.Release|Any CPU.Build.0 = Release|Any CPU
		{6C491795-D0A4-459F-9E16-A8A6D163B490}.Debug|Any CPU.ActiveCfg = Debug|Any CPU
		{6C491795-D0A4-459F-9E16-A8A6D163B490}.Debug|Any CPU.Build.0 = Debug|Any CPU
		{6C491795-D0A4-459F-9E16-A8A6D163B490}.Release|Any CPU.ActiveCfg = Release|Any CPU
		{6C491795-D0A4-459F-9E16-A8A6D163B490}.Release|Any CPU.Build.0 = Release|Any CPU
		{E4C1281B-5901-4760-B02D-5550124F6FD3}.Debug|Any CPU.ActiveCfg = Debug|Any CPU
		{E4C1281B-5901-4760-B02D-5550124F6FD3}.Debug|Any CPU.Build.0 = Debug|Any CPU
		{E4C1281B-5901-4760-B02D-5550124F6FD3}.Release|Any CPU.ActiveCfg = Release|Any CPU
		{E4C1281B-5901-4760-B02D-5550124F6FD3}.Release|Any CPU.Build.0 = Release|Any CPU
		{6F5F3286-C9B9-4BAE-AF94-56B40AB7BF0A}.Debug|Any CPU.ActiveCfg = Debug|Any CPU
		{6F5F3286-C9B9-4BAE-AF94-56B40AB7BF0A}.Debug|Any CPU.Build.0 = Debug|Any CPU
		{6F5F3286-C9B9-4BAE-AF94-56B40AB7BF0A}.Release|Any CPU.ActiveCfg = Release|Any CPU
		{6F5F3286-C9B9-4BAE-AF94-56B40AB7BF0A}.Release|Any CPU.Build.0 = Release|Any CPU
		{55360430-F0DE-4AF3-8328-34AAD45FAF36}.Debug|Any CPU.ActiveCfg = Debug|Any CPU
		{55360430-F0DE-4AF3-8328-34AAD45FAF36}.Debug|Any CPU.Build.0 = Debug|Any CPU
		{55360430-F0DE-4AF3-8328-34AAD45FAF36}.Release|Any CPU.ActiveCfg = Release|Any CPU
		{55360430-F0DE-4AF3-8328-34AAD45FAF36}.Release|Any CPU.Build.0 = Release|Any CPU
		{E06DE682-92C0-4926-B5F7-E66ED81B8AAC}.Debug|Any CPU.ActiveCfg = Debug|Any CPU
		{E06DE682-92C0-4926-B5F7-E66ED81B8AAC}.Debug|Any CPU.Build.0 = Debug|Any CPU
		{E06DE682-92C0-4926-B5F7-E66ED81B8AAC}.Release|Any CPU.ActiveCfg = Release|Any CPU
		{E06DE682-92C0-4926-B5F7-E66ED81B8AAC}.Release|Any CPU.Build.0 = Release|Any CPU
		{ECD4B330-49A9-40A7-AFBC-711D4CD0012B}.Debug|Any CPU.ActiveCfg = Debug|Any CPU
		{ECD4B330-49A9-40A7-AFBC-711D4CD0012B}.Debug|Any CPU.Build.0 = Debug|Any CPU
		{ECD4B330-49A9-40A7-AFBC-711D4CD0012B}.Release|Any CPU.ActiveCfg = Release|Any CPU
		{ECD4B330-49A9-40A7-AFBC-711D4CD0012B}.Release|Any CPU.Build.0 = Release|Any CPU
		{EA0ED2D6-CBD0-4ADA-81EA-994F2F963E64}.Debug|Any CPU.ActiveCfg = Debug|Any CPU
		{EA0ED2D6-CBD0-4ADA-81EA-994F2F963E64}.Debug|Any CPU.Build.0 = Debug|Any CPU
		{EA0ED2D6-CBD0-4ADA-81EA-994F2F963E64}.Release|Any CPU.ActiveCfg = Release|Any CPU
		{EA0ED2D6-CBD0-4ADA-81EA-994F2F963E64}.Release|Any CPU.Build.0 = Release|Any CPU
		{6800C88F-BF0E-4E24-BB9B-2DF910A7958F}.Debug|Any CPU.ActiveCfg = Debug|Any CPU
		{6800C88F-BF0E-4E24-BB9B-2DF910A7958F}.Debug|Any CPU.Build.0 = Debug|Any CPU
		{6800C88F-BF0E-4E24-BB9B-2DF910A7958F}.Release|Any CPU.ActiveCfg = Release|Any CPU
		{6800C88F-BF0E-4E24-BB9B-2DF910A7958F}.Release|Any CPU.Build.0 = Release|Any CPU
	EndGlobalSection
	GlobalSection(SolutionProperties) = preSolution
		HideSolutionNode = FALSE
	EndGlobalSection
	GlobalSection(ExtensibilityGlobals) = postSolution
		SolutionGuid = {93550CC8-D928-42F1-975C-68ECB316FE3B}
	EndGlobalSection
EndGlobal
